
Microsoft Visual Studio Solution File, Format Version 12.00
# Visual Studio Version 16
VisualStudioVersion = 16.0.30104.148
MinimumVisualStudioVersion = 10.0.40219.1
Project("{FAE04EC0-301F-11D3-BF4B-00C04F79EFBC}") = "Ping Monitor", "Ping Monitor\Ping Monitor.csproj", "{913876F7-7152-4E76-AD71-BB1645AADE25}"
EndProject
Global
	GlobalSection(SolutionConfigurationPlatforms) = preSolution
		Debug|Any CPU = Debug|Any CPU
		Release|Any CPU = Release|Any CPU
	EndGlobalSection
	GlobalSection(ProjectConfigurationPlatforms) = postSolution
		{913876F7-7152-4E76-AD71-BB1645AADE25}.Debug|Any CPU.ActiveCfg = Debug|Any CPU
		{913876F7-7152-4E76-AD71-BB1645AADE25}.Debug|Any CPU.Build.0 = Debug|Any CPU
		{913876F7-7152-4E76-AD71-BB1645AADE25}.Release|Any CPU.ActiveCfg = Release|Any CPU
		{913876F7-7152-4E76-AD71-BB1645AADE25}.Release|Any CPU.Build.0 = Release|Any CPU
	EndGlobalSection
	GlobalSection(SolutionProperties) = preSolution
		HideSolutionNode = FALSE
	EndGlobalSection
	GlobalSection(ExtensibilityGlobals) = postSolution
		SolutionGuid = {DFC206BF-8E42-4D29-9F1C-D1BC7EB9BD98}
	EndGlobalSection
EndGlobal
